
Microsoft Visual Studio Solution File, Format Version 12.00
Project("{FAE04EC0-301F-11D3-BF4B-00C04F79EFBC}") = "SpecFlowJeuxTennisApi", "SpecFlowJeuxTennisApi\SpecFlowJeuxTennisApi.csproj", "{064A2F6F-6557-4EFF-9CDF-6ACDA5D0C3D9}"
EndProject
Project("{FAE04EC0-301F-11D3-BF4B-00C04F79EFBC}") = "JeuxTennisApi", "JeuxTennisApi\JeuxTennisApi.csproj", "{055BE510-0814-4CAA-A86D-A58173FDA68F}"
EndProject
Project("{FAE04EC0-301F-11D3-BF4B-00C04F79EFBC}") = "Jeux-IHM", "Jeux-IHM\Jeux-IHM.csproj", "{A97ED745-45BA-4ED6-8ED1-3BFE42DB92E6}"
EndProject
Project("{FAE04EC0-301F-11D3-BF4B-00C04F79EFBC}") = "SpecFlowIHMJeuxTennis", "SpecFlowIHMJeuxTennis\SpecFlowIHMJeuxTennis.csproj", "{7BB14168-6C2F-43DD-9821-B0B254A80404}"
EndProject
Project("{FAE04EC0-301F-11D3-BF4B-00C04F79EFBC}") = "TicTacToeApi", "TicTacToeApi\TicTacToeApi.csproj", "{EAD409FC-5B93-4F7E-A236-5B51CB7949F2}"
EndProject
Project("{FAE04EC0-301F-11D3-BF4B-00C04F79EFBC}") = "FlechettesApi", "FlechettesApi\FlechettesApi.csproj", "{DADECB93-BEAC-466D-AAD1-E25394ED3A6D}"
EndProject
Project("{FAE04EC0-301F-11D3-BF4B-00C04F79EFBC}") = "MastermindApi", "MastermindApi\MastermindApi.csproj", "{80982CFA-E7A4-4ED6-8AA4-D6C039F1DC78}"
EndProject
Project("{FAE04EC0-301F-11D3-BF4B-00C04F79EFBC}") = "SpecFlowMastermindApi", "SpecFlowMastermindApi\SpecFlowMastermindApi.csproj", "{767D824E-5A70-4C1A-A9F8-2BDAD1FF2618}"
EndProject
Project("{FAE04EC0-301F-11D3-BF4B-00C04F79EFBC}") = "SpecFlowTicTacToeApi", "SpecFlowTicTacToeApi\SpecFlowTicTacToeApi.csproj", "{6B8CFEE0-98D1-49C4-A983-8CFA4A540DFB}"
EndProject
Project("{FAE04EC0-301F-11D3-BF4B-00C04F79EFBC}") = "SpecFlowFlechettesApi", "SpecFlowFlechettesApi\SpecFlowFlechettesApi.csproj", "{4C1AF5B6-7F48-4971-88B4-08DEFBC680C3}"
EndProject
Global
	GlobalSection(SolutionConfigurationPlatforms) = preSolution
		Debug|Any CPU = Debug|Any CPU
		Release|Any CPU = Release|Any CPU
	EndGlobalSection
	GlobalSection(ProjectConfigurationPlatforms) = postSolution
		{064A2F6F-6557-4EFF-9CDF-6ACDA5D0C3D9}.Debug|Any CPU.ActiveCfg = Debug|Any CPU
		{064A2F6F-6557-4EFF-9CDF-6ACDA5D0C3D9}.Debug|Any CPU.Build.0 = Debug|Any CPU
		{064A2F6F-6557-4EFF-9CDF-6ACDA5D0C3D9}.Release|Any CPU.ActiveCfg = Release|Any CPU
		{064A2F6F-6557-4EFF-9CDF-6ACDA5D0C3D9}.Release|Any CPU.Build.0 = Release|Any CPU
		{055BE510-0814-4CAA-A86D-A58173FDA68F}.Debug|Any CPU.ActiveCfg = Debug|Any CPU
		{055BE510-0814-4CAA-A86D-A58173FDA68F}.Debug|Any CPU.Build.0 = Debug|Any CPU
		{055BE510-0814-4CAA-A86D-A58173FDA68F}.Release|Any CPU.ActiveCfg = Release|Any CPU
		{055BE510-0814-4CAA-A86D-A58173FDA68F}.Release|Any CPU.Build.0 = Release|Any CPU
		{A97ED745-45BA-4ED6-8ED1-3BFE42DB92E6}.Debug|Any CPU.ActiveCfg = Debug|Any CPU
		{A97ED745-45BA-4ED6-8ED1-3BFE42DB92E6}.Debug|Any CPU.Build.0 = Debug|Any CPU
		{A97ED745-45BA-4ED6-8ED1-3BFE42DB92E6}.Release|Any CPU.ActiveCfg = Release|Any CPU
		{A97ED745-45BA-4ED6-8ED1-3BFE42DB92E6}.Release|Any CPU.Build.0 = Release|Any CPU
		{7BB14168-6C2F-43DD-9821-B0B254A80404}.Debug|Any CPU.ActiveCfg = Debug|Any CPU
		{7BB14168-6C2F-43DD-9821-B0B254A80404}.Debug|Any CPU.Build.0 = Debug|Any CPU
		{7BB14168-6C2F-43DD-9821-B0B254A80404}.Release|Any CPU.ActiveCfg = Release|Any CPU
		{7BB14168-6C2F-43DD-9821-B0B254A80404}.Release|Any CPU.Build.0 = Release|Any CPU
		{EAD409FC-5B93-4F7E-A236-5B51CB7949F2}.Debug|Any CPU.ActiveCfg = Debug|Any CPU
		{EAD409FC-5B93-4F7E-A236-5B51CB7949F2}.Debug|Any CPU.Build.0 = Debug|Any CPU
		{EAD409FC-5B93-4F7E-A236-5B51CB7949F2}.Release|Any CPU.ActiveCfg = Release|Any CPU
		{EAD409FC-5B93-4F7E-A236-5B51CB7949F2}.Release|Any CPU.Build.0 = Release|Any CPU
		{DADECB93-BEAC-466D-AAD1-E25394ED3A6D}.Debug|Any CPU.ActiveCfg = Debug|Any CPU
		{DADECB93-BEAC-466D-AAD1-E25394ED3A6D}.Debug|Any CPU.Build.0 = Debug|Any CPU
		{DADECB93-BEAC-466D-AAD1-E25394ED3A6D}.Release|Any CPU.ActiveCfg = Release|Any CPU
		{DADECB93-BEAC-466D-AAD1-E25394ED3A6D}.Release|Any CPU.Build.0 = Release|Any CPU
		{80982CFA-E7A4-4ED6-8AA4-D6C039F1DC78}.Debug|Any CPU.ActiveCfg = Debug|Any CPU
		{80982CFA-E7A4-4ED6-8AA4-D6C039F1DC78}.Debug|Any CPU.Build.0 = Debug|Any CPU
		{80982CFA-E7A4-4ED6-8AA4-D6C039F1DC78}.Release|Any CPU.ActiveCfg = Release|Any CPU
		{80982CFA-E7A4-4ED6-8AA4-D6C039F1DC78}.Release|Any CPU.Build.0 = Release|Any CPU
		{767D824E-5A70-4C1A-A9F8-2BDAD1FF2618}.Debug|Any CPU.ActiveCfg = Debug|Any CPU
		{767D824E-5A70-4C1A-A9F8-2BDAD1FF2618}.Debug|Any CPU.Build.0 = Debug|Any CPU
		{767D824E-5A70-4C1A-A9F8-2BDAD1FF2618}.Release|Any CPU.ActiveCfg = Release|Any CPU
		{767D824E-5A70-4C1A-A9F8-2BDAD1FF2618}.Release|Any CPU.Build.0 = Release|Any CPU
		{6B8CFEE0-98D1-49C4-A983-8CFA4A540DFB}.Debug|Any CPU.ActiveCfg = Debug|Any CPU
		{6B8CFEE0-98D1-49C4-A983-8CFA4A540DFB}.Debug|Any CPU.Build.0 = Debug|Any CPU
		{6B8CFEE0-98D1-49C4-A983-8CFA4A540DFB}.Release|Any CPU.ActiveCfg = Release|Any CPU
		{6B8CFEE0-98D1-49C4-A983-8CFA4A540DFB}.Release|Any CPU.Build.0 = Release|Any CPU
		{4C1AF5B6-7F48-4971-88B4-08DEFBC680C3}.Debug|Any CPU.ActiveCfg = Debug|Any CPU
		{4C1AF5B6-7F48-4971-88B4-08DEFBC680C3}.Debug|Any CPU.Build.0 = Debug|Any CPU
		{4C1AF5B6-7F48-4971-88B4-08DEFBC680C3}.Release|Any CPU.ActiveCfg = Release|Any CPU
		{4C1AF5B6-7F48-4971-88B4-08DEFBC680C3}.Release|Any CPU.Build.0 = Release|Any CPU
	EndGlobalSection
EndGlobal
